lockfileVersion: 5.4

importers:

  .:
    specifiers: {}

  module1:
    specifiers:
      to-array: ^0.1.4
    dependencies:
      to-array: 0.1.4

  module2:
    specifiers:
      '@types/node': 18.15.11
      simple-concat: ^1.0.1
    dependencies:
      simple-concat: 1.0.1
    devDependencies:
      '@types/node': 18.15.11

packages:

  /@types/node/18.15.11:
    resolution: {integrity: sha512-E5Kwq2n4SbMzQOn6wnmBjuK9ouqlURrcZDVfbo9ftDDTFt3nk7ZKK4GMOzoYgnpQJKcxwQw+lGaBvvlMo0qN/Q==}
    dev: true

  /simple-concat/1.0.1:
    resolution: {integrity: sha512-cSFtAPtRhljv69IK0hTVZQ+OfE9nePi/rtJmw5UjHeVyVroEqJXP1sFztKUy1qU+xvz3u/sfYJLa947b7nAN2Q==}
    dev: false

  /to-array/0.1.4:
    resolution: {integrity: sha512-LhVdShQD/4Mk4zXNroIQZJC+Ap3zgLcDuwEdcmLv9CCO73NWockQDwyUnW/m8VX/EElfL6FcYx7EeutN4HJA6A==}
    dev: false
